{
  "name": "new",
  "lockfileVersion": 3,
  "requires": true,
  "packages": {
    "": {
      "dependencies": {
        "@rive-app/canvas": "^2.9.2",
        "animejs": "^3.2.2"
      }
    },
    "node_modules/@rive-app/canvas": {
      "version": "2.9.2",
      "resolved": "https://registry.npmjs.org/@rive-app/canvas/-/canvas-2.9.2.tgz",
      "integrity": "sha512-XkrAjhiPl+qf+Tqnl31zICnTmrjpgAz91QEYNk/f52M5quEzU59MR9H2xZRd7+Hm8eJSYezInYYcqxFoTsGVaQ=="
    },
    "node_modules/animejs": {
      "version": "3.2.2",
      "resolved": "https://registry.npmjs.org/animejs/-/animejs-3.2.2.tgz",
      "integrity": "sha512-Ao95qWLpDPXXM+WrmwcKbl6uNlC5tjnowlaRYtuVDHHoygjtIPfDUoK9NthrlZsQSKjZXlmji2TrBUAVbiH0LQ=="
    }
  }
}
